PODS:
  - flutter_neo_shield (0.8.0):
    - FlutterMacOS
  - FlutterMacOS (1.0.0)

DEPENDENCIES:
  - flutter_neo_shield (from `Flutter/ephemeral/.symlinks/plugins/flutter_neo_shield/macos`)
  - FlutterMacOS (from `Flutter/ephemeral`)

EXTERNAL SOURCES:
  flutter_neo_shield:
    :path: Flutter/ephemeral/.symlinks/plugins/flutter_neo_shield/macos
  FlutterMacOS:
    :path: Flutter/ephemeral

SPEC CHECKSUMS:
  flutter_neo_shield: 97362ee0fc46f7e4769f89b67498d31fabf65812
  FlutterMacOS: 8f6f14fa908a6fb3fba0cd85dbd81ec4b251fb24

PODFILE CHECKSUM: 7eb978b976557c8c1cd717d8185ec483fd090a82

COCOAPODS: 1.16.2
